
Microsoft Visual Studio Solution File, Format Version 12.00
# Visual Studio Version 16
VisualStudioVersion = 16.0.29613.14
MinimumVisualStudioVersion = 10.0.40219.1
Project("{FAE04EC0-301F-11D3-BF4B-00C04F79EFBC}") = "SampleConsoleApp", "SampleConsoleApp\SampleConsoleApp.csproj", "{3ED17F94-16FD-4A32-B1B4-D07D24F29B7E}"
EndProject
Global
	GlobalSection(SolutionConfigurationPlatforms) = preSolution
		Debug|Any CPU = Debug|Any CPU
		Release|Any CPU = Release|Any CPU
	EndGlobalSection
	GlobalSection(ProjectConfigurationPlatforms) = postSolution
		{3ED17F94-16FD-4A32-B1B4-D07D24F29B7E}.Debug|Any CPU.ActiveCfg = Debug|Any CPU
		{3ED17F94-16FD-4A32-B1B4-D07D24F29B7E}.Debug|Any CPU.Build.0 = Debug|Any CPU
		{3ED17F94-16FD-4A32-B1B4-D07D24F29B7E}.Release|Any CPU.ActiveCfg = Release|Any CPU
		{3ED17F94-16FD-4A32-B1B4-D07D24F29B7E}.Release|Any CPU.Build.0 = Release|Any CPU
	EndGlobalSection
	GlobalSection(SolutionProperties) = preSolution
		HideSolutionNode = FALSE
	EndGlobalSection
	GlobalSection(ExtensibilityGlobals) = postSolution
		SolutionGuid = {75C21E48-1A23-49E2-A43C-518AA1D815C9}
	EndGlobalSection
EndGlobal
